
Microsoft Visual Studio Solution File, Format Version 12.00
# Visual Studio Version 17
VisualStudioVersion = 17.2.32516.85
MinimumVisualStudioVersion = 10.0.40219.1
Project("{FAE04EC0-301F-11D3-BF4B-00C04F79EFBC}") = "Project", "Project\Project.csproj", "{123120FF-8BD4-4E58-B0EE-CE0AD909A569}"
EndProject
Global
	GlobalSection(SolutionConfigurationPlatforms) = preSolution
		Debug|Any CPU = Debug|Any CPU
		Release|Any CPU = Release|Any CPU
	EndGlobalSection
	GlobalSection(ProjectConfigurationPlatforms) = postSolution
		{123120FF-8BD4-4E58-B0EE-CE0AD909A569}.Debug|Any CPU.ActiveCfg = Debug|Any CPU
		{123120FF-8BD4-4E58-B0EE-CE0AD909A569}.Debug|Any CPU.Build.0 = Debug|Any CPU
		{123120FF-8BD4-4E58-B0EE-CE0AD909A569}.Release|Any CPU.ActiveCfg = Release|Any CPU
		{123120FF-8BD4-4E58-B0EE-CE0AD909A569}.Release|Any CPU.Build.0 = Release|Any CPU
	EndGlobalSection
	GlobalSection(SolutionProperties) = preSolution
		HideSolutionNode = FALSE
	EndGlobalSection
	GlobalSection(ExtensibilityGlobals) = postSolution
		SolutionGuid = {1A133A8A-B518-4A08-B7FA-60D35D2C8B01}
	EndGlobalSection
EndGlobal
